<?xml version="1.0" encoding="utf-8"?>
<Project ToolsVersion="4.0" xmlns="http://schemas.microsoft.com/developer/msbuild/2003">
  <ItemGroup>
    <Filter Include="Archivos de encabezado">
      <UniqueIdentifier>{0bae491b-bee0-468e-98bc-11c811bfb8f1}</UniqueIdentifier>
    </Filter>
    <Filter Include="Archivos de recursos">
      <UniqueIdentifier>{44e1107d-4e9f-49f0-9c7c-695aaa74d1e9}</UniqueIdentifier>
    </Filter>
    <Filter Include="Archivos de origen">
      <UniqueIdentifier>{2ad9afab-f000-420b-9f1a-14372e110a7d}</UniqueIdentifier>
    </Filter>
    <Filter Include="Archivos de recursos\main">
      <UniqueIdentifier>{aa921445-1c80-4d78-b5c5-18b48dc0ce98}</UniqueIdentifier>
    </Filter>
    <Filter Include="Archivos de recursos\main\Game">
      <UniqueIdentifier>{2c985d09-26f8-413d-a299-5707df022d2e}</UniqueIdentifier>
    </Filter>
    <Filter Include="Archivos de encabezado\lib">
      <UniqueIdentifier>{c7f7d686-6f5b-444f-a260-7488e236aed4}</UniqueIdentifier>
    </Filter>
    <Filter Include="Archivos de encabezado\main">
      <UniqueIdentifier>{34496ad1-71ed-4c42-9481-c3f2dfcbe4e8}</UniqueIdentifier>
    </Filter>
    <Filter Include="Archivos de encabezado\main\Game">
      <UniqueIdentifier>{275a651d-51ff-4f7f-adc7-f210e150fee1}</UniqueIdentifier>
    </Filter>
    <Filter Include="Archivos de encabezado\main\Game\Elements">
      <UniqueIdentifier>{fe17e67a-1162-4eeb-952f-eca371c397af}</UniqueIdentifier>
    </Filter>
    <Filter Include="Archivos de recursos\main\Game\Elements">
      <UniqueIdentifier>{b5c22e3c-8d1c-4d6c-974c-34dca302e917}</UniqueIdentifier>
    </Filter>
    <Filter Include="Archivos de recursos\main\Game\States">
      <UniqueIdentifier>{b68f6809-4d89-4f03-a065-ba3abf91b129}</UniqueIdentifier>
    </Filter>
    <Filter Include="Archivos de encabezado\main\Game\States">
      <UniqueIdentifier>{7570d8d4-10ab-4e55-828c-fb0728315ccb}</UniqueIdentifier>
    </Filter>
  </ItemGroup>
  <ItemGroup>
    <ClCompile Include="..\src\main.cpp">
      <Filter>Archivos de recursos</Filter>
    </ClCompile>
    <ClCompile Include="..\src\Game.cpp">
      <Filter>Archivos de recursos\main</Filter>
    </ClCompile>
    <ClCompile Include="..\src\Game Over.cpp">
      <Filter>Archivos de recursos\main\Game\States</Filter>
    </ClCompile>
    <ClCompile Include="..\src\Main Menu.cpp">
      <Filter>Archivos de recursos\main\Game\States</Filter>
    </ClCompile>
    <ClCompile Include="..\src\Ball.cpp">
      <Filter>Archivos de recursos\main\Game\Elements</Filter>
    </ClCompile>
    <ClCompile Include="..\src\Paddles.cpp">
      <Filter>Archivos de recursos\main\Game\Elements</Filter>
    </ClCompile>
    <ClCompile Include="..\src\Buttons.cpp">
      <Filter>Archivos de recursos\main\Game\Elements</Filter>
    </ClCompile>
    <ClCompile Include="..\src\Selection Menu.cpp">
      <Filter>Archivos de recursos\main\Game\States</Filter>
    </ClCompile>
    <ClCompile Include="..\src\Gameplay_PvP.cpp">
      <Filter>Archivos de recursos\main\Game\States</Filter>
    </ClCompile>
    <ClCompile Include="..\src\Gameplay_PvAI.cpp">
      <Filter>Archivos de recursos\main\Game\States</Filter>
    </ClCompile>
    <ClCompile Include="..\src\Arrows.cpp">
      <Filter>Archivos de recursos\main\Game\Elements</Filter>
    </ClCompile>
  </ItemGroup>
  <ItemGroup>
    <ClInclude Include="..\lib\include\raylib.h">
      <Filter>Archivos de encabezado\lib</Filter>
    </ClInclude>
    <ClInclude Include="..\src\Game Over.h">
      <Filter>Archivos de encabezado\main\Game\States</Filter>
    </ClInclude>
    <ClInclude Include="..\src\Main Menu.h">
      <Filter>Archivos de encabezado\main\Game\States</Filter>
    </ClInclude>
    <ClInclude Include="..\src\Ball.h">
      <Filter>Archivos de encabezado\main\Game\Elements</Filter>
    </ClInclude>
    <ClInclude Include="..\src\Paddles.h">
      <Filter>Archivos de encabezado\main\Game\Elements</Filter>
    </ClInclude>
    <ClInclude Include="..\src\Buttons.h">
      <Filter>Archivos de encabezado\main\Game\Elements</Filter>
    </ClInclude>
    <ClInclude Include="..\src\Game.h">
      <Filter>Archivos de encabezado\main</Filter>
    </ClInclude>
    <ClInclude Include="..\src\Selection Menu.h">
      <Filter>Archivos de encabezado\main\Game\States</Filter>
    </ClInclude>
    <ClInclude Include="..\src\Gameplay_PvAI.h">
      <Filter>Archivos de encabezado\main\Game\States</Filter>
    </ClInclude>
    <ClInclude Include="..\src\Gameplay_PvP.h">
      <Filter>Archivos de encabezado\main\Game\States</Filter>
    </ClInclude>
    <ClInclude Include="..\src\Arrows.h">
      <Filter>Archivos de encabezado\main\Game\Elements</Filter>
    </ClInclude>
  </ItemGroup>
</Project>